// !$*UTF8*$!
{
	archiveVersion = 1;
	classes = {
	};
	objectVersion = 56;
	objects = {

/* Begin PBXBuildFile section */
		602DC8302A552B75003A3D4F /* AppDelegate.swift in Sources */ = {isa = PBXBuildFile; fileRef = 602DC82F2A552B75003A3D4F /* AppDelegate.swift */; };
		602DC8322A552B75003A3D4F /* SceneDelegate.swift in Sources */ = {isa = PBXBuildFile; fileRef = 602DC8312A552B75003A3D4F /* SceneDelegate.swift */; };
		602DC8342A552B75003A3D4F /* ViewController.swift in Sources */ = {isa = PBXBuildFile; fileRef = 602DC8332A552B75003A3D4F /* ViewController.swift */; };
		602DC8372A552B75003A3D4F /* Main.storyboard in Resources */ = {isa = PBXBuildFile; fileRef = 602DC8352A552B75003A3D4F /* Main.storyboard */; };
		602DC8392A552B76003A3D4F /* Assets.xcassets in Resources */ = {isa = PBXBuildFile; fileRef = 602DC8382A552B76003A3D4F /* Assets.xcassets */; };
		602DC83C2A552B76003A3D4F /* LaunchScreen.storyboard in Resources */ = {isa = PBXBuildFile; fileRef = 602DC83A2A552B76003A3D4F /* LaunchScreen.storyboard */; };
		602DC8442A552B99003A3D4F /* AlertViewController.swift in Sources */ = {isa = PBXBuildFile; fileRef = 602DC8432A552B99003A3D4F /* AlertViewController.swift */; };
		602DC8462A55627B003A3D4F /* AlertViewController2.swift in Sources */ = {isa = PBXBuildFile; fileRef = 602DC8452A55627B003A3D4F /* AlertViewController2.swift */; };
		602DC84A2A556423003A3D4F /* ActionButton2.swift in Sources */ = {isa = PBXBuildFile; fileRef = 602DC8492A556423003A3D4F /* ActionButton2.swift */; };
		602DC84C2A556438003A3D4F /* Action2.swift in Sources */ = {isa = PBXBuildFile; fileRef = 602DC84B2A556438003A3D4F /* Action2.swift */; };
/* End PBXBuildFile section */

/* Begin PBXFileReference section */
		602DC82C2A552B75003A3D4F /* CustomAlertViewController.app */ = {isa = PBXFileReference; explicitFileType = wrapper.application; includeInIndex = 0; path = CustomAlertViewController.app; sourceTree = BUILT_PRODUCTS_DIR; };
		602DC82F2A552B75003A3D4F /* AppDelegate.swift */ = {isa = PBXFileReference; lastKnownFileType = sourcecode.swift; path = AppDelegate.swift; sourceTree = "<group>"; };
		602DC8312A552B75003A3D4F /* SceneDelegate.swift */ = {isa = PBXFileReference; lastKnownFileType = sourcecode.swift; path = SceneDelegate.swift; sourceTree = "<group>"; };
		602DC8332A552B75003A3D4F /* ViewController.swift */ = {isa = PBXFileReference; lastKnownFileType = sourcecode.swift; path = ViewController.swift; sourceTree = "<group>"; };
		602DC8362A552B75003A3D4F /* Base */ = {isa = PBXFileReference; lastKnownFileType = file.storyboard; name = Base; path = Base.lproj/Main.storyboard; sourceTree = "<group>"; };
		602DC8382A552B76003A3D4F /* Assets.xcassets */ = {isa = PBXFileReference; lastKnownFileType = folder.assetcatalog; path = Assets.xcassets; sourceTree = "<group>"; };
		602DC83B2A552B76003A3D4F /* Base */ = {isa = PBXFileReference; lastKnownFileType = file.storyboard; name = Base; path = Base.lproj/LaunchScreen.storyboard; sourceTree = "<group>"; };
		602DC83D2A552B76003A3D4F /* Info.plist */ = {isa = PBXFileReference; lastKnownFileType = text.plist.xml; path = Info.plist; sourceTree = "<group>"; };
		602DC8432A552B99003A3D4F /* AlertViewController.swift */ = {isa = PBXFileReference; lastKnownFileType = sourcecode.swift; path = AlertViewController.swift; sourceTree = "<group>"; };
		602DC8452A55627B003A3D4F /* AlertViewController2.swift */ = {isa = PBXFileReference; lastKnownFileType = sourcecode.swift; path = AlertViewController2.swift; sourceTree = "<group>"; };
		602DC8492A556423003A3D4F /* ActionButton2.swift */ = {isa = PBXFileReference; lastKnownFileType = sourcecode.swift; path = ActionButton2.swift; sourceTree = "<group>"; };
		602DC84B2A556438003A3D4F /* Action2.swift */ = {isa = PBXFileReference; lastKnownFileType = sourcecode.swift; path = Action2.swift; sourceTree = "<group>"; };
/* End PBXFileReference section */

/* Begin PBXFrameworksBuildPhase section */
		602DC8292A552B75003A3D4F /* Frameworks */ = {
			isa = PBXFrameworksBuildPhase;
			buildActionMask = 2147483647;
			files = (
			);
			runOnlyForDeploymentPostprocessing = 0;
		};
/* End PBXFrameworksBuildPhase section */

/* Begin PBXGroup section */
		602DC8232A552B75003A3D4F = {
			isa = PBXGroup;
			children = (
				602DC82E2A552B75003A3D4F /* CustomAlertViewController */,
				602DC82D2A552B75003A3D4F /* Products */,
			);
			sourceTree = "<group>";
		};
		602DC82D2A552B75003A3D4F /* Products */ = {
			isa = PBXGroup;
			children = (
				602DC82C2A552B75003A3D4F /* CustomAlertViewController.app */,
			);
			name = Products;
			sourceTree = "<group>";
		};
		602DC82E2A552B75003A3D4F /* CustomAlertViewController */ = {
			isa = PBXGroup;
			children = (
				602DC8482A5563FC003A3D4F /* Alert1 */,
				602DC8472A5563E3003A3D4F /* Alert2 */,
				602DC82F2A552B75003A3D4F /* AppDelegate.swift */,
				602DC8312A552B75003A3D4F /* SceneDelegate.swift */,
				602DC8332A552B75003A3D4F /* ViewController.swift */,
				602DC8352A552B75003A3D4F /* Main.storyboard */,
				602DC8382A552B76003A3D4F /* Assets.xcassets */,
				602DC83A2A552B76003A3D4F /* LaunchScreen.storyboard */,
				602DC83D2A552B76003A3D4F /* Info.plist */,
			);
			path = CustomAlertViewController;
			sourceTree = "<group>";
		};
		602DC8472A5563E3003A3D4F /* Alert2 */ = {
			isa = PBXGroup;
			children = (
				602DC8452A55627B003A3D4F /* AlertViewController2.swift */,
				602DC8492A556423003A3D4F /* ActionButton2.swift */,
				602DC84B2A556438003A3D4F /* Action2.swift */,
			);
			path = Alert2;
			sourceTree = "<group>";
		};
		602DC8482A5563FC003A3D4F /* Alert1 */ = {
			isa = PBXGroup;
			children = (
				602DC8432A552B99003A3D4F /* AlertViewController.swift */,
			);
			path = Alert1;
			sourceTree = "<group>";
		};
/* End PBXGroup section */

/* Begin PBXNativeTarget section */
		602DC82B2A552B75003A3D4F /* CustomAlertViewController */ = {
			isa = PBXNativeTarget;
			buildConfigurationList = 602DC8402A552B76003A3D4F /* Build configuration list for PBXNativeTarget "CustomAlertViewController" */;
			buildPhases = (
				602DC8282A552B75003A3D4F /* Sources */,
				602DC8292A552B75003A3D4F /* Frameworks */,
				602DC82A2A552B75003A3D4F /* Resources */,
			);
			buildRules = (
			);
			dependencies = (
			);
			name = CustomAlertViewController;
			productName = CustomAlertViewController;
			productReference = 602DC82C2A552B75003A3D4F /* CustomAlertViewController.app */;
			productType = "com.apple.product-type.application";
		};
/* End PBXNativeTarget section */

/* Begin PBXProject section */
		602DC8242A552B75003A3D4F /* Project object */ = {
			isa = PBXProject;
			attributes = {
				BuildIndependentTargetsInParallel = 1;
				LastSwiftUpdateCheck = 1430;
				LastUpgradeCheck = 1430;
				TargetAttributes = {
					602DC82B2A552B75003A3D4F = {
						CreatedOnToolsVersion = 14.3.1;
					};
				};
			};
			buildConfigurationList = 602DC8272A552B75003A3D4F /* Build configuration list for PBXProject "CustomAlertViewController" */;
			compatibilityVersion = "Xcode 14.0";
			developmentRegion = en;
			hasScannedForEncodings = 0;
			knownRegions = (
				en,
				Base,
			);
			mainGroup = 602DC8232A552B75003A3D4F;
			productRefGroup = 602DC82D2A552B75003A3D4F /* Products */;
			projectDirPath = "";
			projectRoot = "";
			targets = (
				602DC82B2A552B75003A3D4F /* CustomAlertViewController */,
			);
		};
/* End PBXProject section */

/* Begin PBXResourcesBuildPhase section */
		602DC82A2A552B75003A3D4F /* Resources */ = {
			isa = PBXResourcesBuildPhase;
			buildActionMask = 2147483647;
			files = (
				602DC83C2A552B76003A3D4F /* LaunchScreen.storyboard in Resources */,
				602DC8392A552B76003A3D4F /* Assets.xcassets in Resources */,
				602DC8372A552B75003A3D4F /* Main.storyboard in Resources */,
			);
			runOnlyForDeploymentPostprocessing = 0;
		};
/* End PBXResourcesBuildPhase section */

/* Begin PBXSourcesBuildPhase section */
		602DC8282A552B75003A3D4F /* Sources */ = {
			isa = PBXSourcesBuildPhase;
			buildActionMask = 2147483647;
			files = (
				602DC84A2A556423003A3D4F /* ActionButton2.swift in Sources */,
				602DC8462A55627B003A3D4F /* AlertViewController2.swift in Sources */,
				602DC8442A552B99003A3D4F /* AlertViewController.swift in Sources */,
				602DC8342A552B75003A3D4F /* ViewController.swift in Sources */,
				602DC8302A552B75003A3D4F /* AppDelegate.swift in Sources */,
				602DC84C2A556438003A3D4F /* Action2.swift in Sources */,
				602DC8322A552B75003A3D4F /* SceneDelegate.swift in Sources */,
			);
			runOnlyForDeploymentPostprocessing = 0;
		};
/* End PBXSourcesBuildPhase section */

/* Begin PBXVariantGroup section */
		602DC8352A552B75003A3D4F /* Main.storyboard */ = {
			isa = PBXVariantGroup;
			children = (
				602DC8362A552B75003A3D4F /* Base */,
			);
			name = Main.storyboard;
			sourceTree = "<group>";
		};
		602DC83A2A552B76003A3D4F /* LaunchScreen.storyboard */ = {
			isa = PBXVariantGroup;
			children = (
				602DC83B2A552B76003A3D4F /* Base */,
			);
			name = LaunchScreen.storyboard;
			sourceTree = "<group>";
		};
/* End PBXVariantGroup section */

/* Begin XCBuildConfiguration section */
		602DC83E2A552B76003A3D4F /* Debug */ = {
			isa = XCBuildConfiguration;
			buildSettings = {
				ALWAYS_SEARCH_USER_PATHS = NO;
				CLANG_ANALYZER_NONNULL = YES;
				CLANG_ANALYZER_NUMBER_OBJECT_CONVERSION = YES_AGGRESSIVE;
				CLANG_CXX_LANGUAGE_STANDARD = "gnu++20";
				CLANG_ENABLE_MODULES = YES;
				CLANG_ENABLE_OBJC_ARC = YES;
				CLANG_ENABLE_OBJC_WEAK = YES;
				CLANG_WARN_BLOCK_CAPTURE_AUTORELEASING = YES;
				CLANG_WARN_BOOL_CONVERSION = YES;
				CLANG_WARN_COMMA = YES;
				CLANG_WARN_CONSTANT_CONVERSION = YES;
				CLANG_WARN_DEPRECATED_OBJC_IMPLEMENTATIONS = YES;
				CLANG_WARN_DIRECT_OBJC_ISA_USAGE = YES_ERROR;
				CLANG_WARN_DOCUMENTATION_COMMENTS = YES;
				CLANG_WARN_EMPTY_BODY = YES;
				CLANG_WARN_ENUM_CONVERSION = YES;
				CLANG_WARN_INFINITE_RECURSION = YES;
				CLANG_WARN_INT_CONVERSION = YES;
				CLANG_WARN_NON_LITERAL_NULL_CONVERSION = YES;
				CLANG_WARN_OBJC_IMPLICIT_RETAIN_SELF = YES;
				CLANG_WARN_OBJC_LITERAL_CONVERSION = YES;
				CLANG_WARN_OBJC_ROOT_CLASS = YES_ERROR;
				CLANG_WARN_QUOTED_INCLUDE_IN_FRAMEWORK_HEADER = YES;
				CLANG_WARN_RANGE_LOOP_ANALYSIS = YES;
				CLANG_WARN_STRICT_PROTOTYPES = YES;
				CLANG_WARN_SUSPICIOUS_MOVE = YES;
				CLANG_WARN_UNGUARDED_AVAILABILITY = YES_AGGRESSIVE;
				CLANG_WARN_UNREACHABLE_CODE = YES;
				CLANG_WARN__DUPLICATE_METHOD_MATCH = YES;
				COPY_PHASE_STRIP = NO;
				DEBUG_INFORMATION_FORMAT = dwarf;
				ENABLE_STRICT_OBJC_MSGSEND = YES;
				ENABLE_TESTABILITY = YES;
				GCC_C_LANGUAGE_STANDARD = gnu11;
				GCC_DYNAMIC_NO_PIC = NO;
				GCC_NO_COMMON_BLOCKS = YES;
				GCC_OPTIMIZATION_LEVEL = 0;
				GCC_PREPROCESSOR_DEFINITIONS = (
					"DEBUG=1",
					"$(inherited)",
				);
				GCC_WARN_64_TO_32_BIT_CONVERSION = YES;
				GCC_WARN_ABOUT_RETURN_TYPE = YES_ERROR;
				GCC_WARN_UNDECLARED_SELECTOR = YES;
				GCC_WARN_UNINITIALIZED_AUTOS = YES_AGGRESSIVE;
				GCC_WARN_UNUSED_FUNCTION = YES;
				GCC_WARN_UNUSED_VARIABLE = YES;
				IPHONEOS_DEPLOYMENT_TARGET = 16.4;
				MTL_ENABLE_DEBUG_INFO = INCLUDE_SOURCE;
				MTL_FAST_MATH = YES;
				ONLY_ACTIVE_ARCH = YES;
				SDKROOT = iphoneos;
				SWIFT_ACTIVE_COMPILATION_CONDITIONS = DEBUG;
				SWIFT_OPTIMIZATION_LEVEL = "-Onone";
			};
			name = Debug;
		};
		602DC83F2A552B76003A3D4F /* Release */ = {
			isa = XCBuildConfiguration;
			buildSettings = {
				ALWAYS_SEARCH_USER_PATHS = NO;
				CLANG_ANALYZER_NONNULL = YES;
				CLANG_ANALYZER_NUMBER_OBJECT_CONVERSION = YES_AGGRESSIVE;
				CLANG_CXX_LANGUAGE_STANDARD = "gnu++20";
				CLANG_ENABLE_MODULES = YES;
				CLANG_ENABLE_OBJC_ARC = YES;
				CLANG_ENABLE_OBJC_WEAK = YES;
				CLANG_WARN_BLOCK_CAPTURE_AUTORELEASING = YES;
				CLANG_WARN_BOOL_CONVERSION = YES;
				CLANG_WARN_COMMA = YES;
				CLANG_WARN_CONSTANT_CONVERSION = YES;
				CLANG_WARN_DEPRECATED_OBJC_IMPLEMENTATIONS = YES;
				CLANG_WARN_DIRECT_OBJC_ISA_USAGE = YES_ERROR;
				CLANG_WARN_DOCUMENTATION_COMMENTS = YES;
				CLANG_WARN_EMPTY_BODY = YES;
				CLANG_WARN_ENUM_CONVERSION = YES;
				CLANG_WARN_INFINITE_RECURSION = YES;
				CLANG_WARN_INT_CONVERSION = YES;
				CLANG_WARN_NON_LITERAL_NULL_CONVERSION = YES;
				CLANG_WARN_OBJC_IMPLICIT_RETAIN_SELF = YES;
				CLANG_WARN_OBJC_LITERAL_CONVERSION = YES;
				CLANG_WARN_OBJC_ROOT_CLASS = YES_ERROR;
				CLANG_WARN_QUOTED_INCLUDE_IN_FRAMEWORK_HEADER = YES;
				CLANG_WARN_RANGE_LOOP_ANALYSIS = YES;
				CLANG_WARN_STRICT_PROTOTYPES = YES;
				CLANG_WARN_SUSPICIOUS_MOVE = YES;
				CLANG_WARN_UNGUARDED_AVAILABILITY = YES_AGGRESSIVE;
				CLANG_WARN_UNREACHABLE_CODE = YES;
				CLANG_WARN__DUPLICATE_METHOD_MATCH = YES;
				COPY_PHASE_STRIP = NO;
				DEBUG_INFORMATION_FORMAT = "dwarf-with-dsym";
				ENABLE_NS_ASSERTIONS = NO;
				ENABLE_STRICT_OBJC_MSGSEND = YES;
				GCC_C_LANGUAGE_STANDARD = gnu11;
				GCC_NO_COMMON_BLOCKS = YES;
				GCC_WARN_64_TO_32_BIT_CONVERSION = YES;
				GCC_WARN_ABOUT_RETURN_TYPE = YES_ERROR;
				GCC_WARN_UNDECLARED_SELECTOR = YES;
				GCC_WARN_UNINITIALIZED_AUTOS = YES_AGGRESSIVE;
				GCC_WARN_UNUSED_FUNCTION = YES;
				GCC_WARN_UNUSED_VARIABLE = YES;
				IPHONEOS_DEPLOYMENT_TARGET = 16.4;
				MTL_ENABLE_DEBUG_INFO = NO;
				MTL_FAST_MATH = YES;
				SDKROOT = iphoneos;
				SWIFT_COMPILATION_MODE = wholemodule;
				SWIFT_OPTIMIZATION_LEVEL = "-O";
				VALIDATE_PRODUCT = YES;
			};
			name = Release;
		};
		602DC8412A552B76003A3D4F /* Debug */ = {
			isa = XCBuildConfiguration;
			buildSettings = {
				ASSETCATALOG_COMPILER_APPICON_NAME = AppIcon;
				ASSETCATALOG_COMPILER_GLOBAL_ACCENT_COLOR_NAME = AccentColor;
				CODE_SIGN_STYLE = Automatic;
				CURRENT_PROJECT_VERSION = 1;
				GENERATE_INFOPLIST_FILE = YES;
				INFOPLIST_FILE = CustomAlertViewController/Info.plist;
				INFOPLIST_KEY_UIApplicationSupportsIndirectInputEvents = YES;
				INFOPLIST_KEY_UILaunchStoryboardName = LaunchScreen;
				INFOPLIST_KEY_UIMainStoryboardFile = Main;
				INFOPLIST_KEY_UISupportedInterfaceOrientations_iPad = "UIInterfaceOrientationPortrait UIInterfaceOrientationPortraitUpsideDown UIInterfaceOrientationLandscapeLeft UIInterfaceOrientationLandscapeRight";
				INFOPLIST_KEY_UISupportedInterfaceOrientations_iPhone = "UIInterfaceOrientationPortrait UIInterfaceOrientationLandscapeLeft UIInterfaceOrientationLandscapeRight";
				LD_RUNPATH_SEARCH_PATHS = (
					"$(inherited)",
					"@executable_path/Frameworks",
				);
				MARKETING_VERSION = 1.0;
				PRODUCT_BUNDLE_IDENTIFIER = com.company.CustomAlertViewController;
				PRODUCT_NAME = "$(TARGET_NAME)";
				SWIFT_EMIT_LOC_STRINGS = YES;
				SWIFT_VERSION = 5.0;
				TARGETED_DEVICE_FAMILY = "1,2";
			};
			name = Debug;
		};
		602DC8422A552B76003A3D4F /* Release */ = {
			isa = XCBuildConfiguration;
			buildSettings = {
				ASSETCATALOG_COMPILER_APPICON_NAME = AppIcon;
				ASSETCATALOG_COMPILER_GLOBAL_ACCENT_COLOR_NAME = AccentColor;
				CODE_SIGN_STYLE = Automatic;
				CURRENT_PROJECT_VERSION = 1;
				GENERATE_INFOPLIST_FILE = YES;
				INFOPLIST_FILE = CustomAlertViewController/Info.plist;
				INFOPLIST_KEY_UIApplicationSupportsIndirectInputEvents = YES;
				INFOPLIST_KEY_UILaunchStoryboardName = LaunchScreen;
				INFOPLIST_KEY_UIMainStoryboardFile = Main;
				INFOPLIST_KEY_UISupportedInterfaceOrientations_iPad = "UIInterfaceOrientationPortrait UIInterfaceOrientationPortraitUpsideDown UIInterfaceOrientationLandscapeLeft UIInterfaceOrientationLandscapeRight";
				INFOPLIST_KEY_UISupportedInterfaceOrientations_iPhone = "UIInterfaceOrientationPortrait UIInterfaceOrientationLandscapeLeft UIInterfaceOrientationLandscapeRight";
				LD_RUNPATH_SEARCH_PATHS = (
					"$(inherited)",
					"@executable_path/Frameworks",
				);
				MARKETING_VERSION = 1.0;
				PRODUCT_BUNDLE_IDENTIFIER = com.company.CustomAlertViewController;
				PRODUCT_NAME = "$(TARGET_NAME)";
				SWIFT_EMIT_LOC_STRINGS = YES;
				SWIFT_VERSION = 5.0;
				TARGETED_DEVICE_FAMILY = "1,2";
			};
			name = Release;
		};
/* End XCBuildConfiguration section */

/* Begin XCConfigurationList section */
		602DC8272A552B75003A3D4F /* Build configuration list for PBXProject "CustomAlertViewController" */ = {
			isa = XCConfigurationList;
			buildConfigurations = (
				602DC83E2A552B76003A3D4F /* Debug */,
				602DC83F2A552B76003A3D4F /* Release */,
			);
			defaultConfigurationIsVisible = 0;
			defaultConfigurationName = Release;
		};
		602DC8402A552B76003A3D4F /* Build configuration list for PBXNativeTarget "CustomAlertViewController" */ = {
			isa = XCConfigurationList;
			buildConfigurations = (
				602DC8412A552B76003A3D4F /* Debug */,
				602DC8422A552B76003A3D4F /* Release */,
			);
			defaultConfigurationIsVisible = 0;
			defaultConfigurationName = Release;
		};
/* End XCConfigurationList section */
	};
	rootObject = 602DC8242A552B75003A3D4F /* Project object */;
}
